// !$*UTF8*$!
{
	archiveVersion = 1;
	classes = {
	};
	objectVersion = 56;
	objects = {

/* Begin PBXBuildFile section */
		BD2DD4552C77ADA300C1AF55 /* CarAppApp.swift in Sources */ = {isa = PBXBuildFile; fileRef = BD2DD4542C77ADA300C1AF55 /* CarAppApp.swift */; };
		BD2DD4572C77ADA300C1AF55 /* ContentView.swift in Sources */ = {isa = PBXBuildFile; fileRef = BD2DD4562C77ADA300C1AF55 /* ContentView.swift */; };
		BD2DD4592C77ADA600C1AF55 /* Assets.xcassets in Resources */ = {isa = PBXBuildFile; fileRef = BD2DD4582C77ADA600C1AF55 /* Assets.xcassets */; };
		BD2DD45C2C77ADA600C1AF55 /* Preview Assets.xcassets in Resources */ = {isa = PBXBuildFile; fileRef = BD2DD45B2C77ADA600C1AF55 /* Preview Assets.xcassets */; };
		BD2DD4682C77E14F00C1AF55 /* MainTabBarView.swift in Sources */ = {isa = PBXBuildFile; fileRef = BD2DD4672C77E14F00C1AF55 /* MainTabBarView.swift */; };
		BD2DD46C2C77E98500C1AF55 /* ExploreView.swift in Sources */ = {isa = PBXBuildFile; fileRef = BD2DD46B2C77E98500C1AF55 /* ExploreView.swift */; };
		BDF46E142C7CC64C00446458 /* CustomSearchBar.swift in Sources */ = {isa = PBXBuildFile; fileRef = BDF46E132C7CC64C00446458 /* CustomSearchBar.swift */; };
		BDF46E192C7CE7CD00446458 /* NavigationStackModifier.swift in Sources */ = {isa = PBXBuildFile; fileRef = BDF46E182C7CE7CD00446458 /* NavigationStackModifier.swift */; };
		BDF5D8F12C7CFCF0006FE1AD /* Brand.swift in Sources */ = {isa = PBXBuildFile; fileRef = BDF5D8F02C7CFCF0006FE1AD /* Brand.swift */; };
		BDF5D8F42C7CFDAA006FE1AD /* ExploreViewModel.swift in Sources */ = {isa = PBXBuildFile; fileRef = BDF5D8F32C7CFDAA006FE1AD /* ExploreViewModel.swift */; };
		BDF5D8F62C7D0E5A006FE1AD /* PopularBrandsView.swift in Sources */ = {isa = PBXBuildFile; fileRef = BDF5D8F52C7D0E5A006FE1AD /* PopularBrandsView.swift */; };
		BDF5D8F82C7D3052006FE1AD /* Car.swift in Sources */ = {isa = PBXBuildFile; fileRef = BDF5D8F72C7D3052006FE1AD /* Car.swift */; };
		BDF5D8FC2C7E5F4C006FE1AD /* CustomCarView.swift in Sources */ = {isa = PBXBuildFile; fileRef = BDF5D8FB2C7E5F4C006FE1AD /* CustomCarView.swift */; };
		BDF5D8FE2C7EB674006FE1AD /* TopCarView.swift in Sources */ = {isa = PBXBuildFile; fileRef = BDF5D8FD2C7EB674006FE1AD /* TopCarView.swift */; };
		BDF5D9012C7EC665006FE1AD /* FavoriteView.swift in Sources */ = {isa = PBXBuildFile; fileRef = BDF5D9002C7EC665006FE1AD /* FavoriteView.swift */; };
		BDF5D9032C7F67F3006FE1AD /* DetailView.swift in Sources */ = {isa = PBXBuildFile; fileRef = BDF5D9022C7F67F3006FE1AD /* DetailView.swift */; };
		BDF5D9052C7FAE6F006FE1AD /* ImageViewPager.swift in Sources */ = {isa = PBXBuildFile; fileRef = BDF5D9042C7FAE6F006FE1AD /* ImageViewPager.swift */; };
/* End PBXBuildFile section */

/* Begin PBXFileReference section */
		BD2DD4512C77ADA300C1AF55 /* CarApp.app */ = {isa = PBXFileReference; explicitFileType = wrapper.application; includeInIndex = 0; path = CarApp.app; sourceTree = BUILT_PRODUCTS_DIR; };
		BD2DD4542C77ADA300C1AF55 /* CarAppApp.swift */ = {isa = PBXFileReference; lastKnownFileType = sourcecode.swift; path = CarAppApp.swift; sourceTree = "<group>"; };
		BD2DD4562C77ADA300C1AF55 /* ContentView.swift */ = {isa = PBXFileReference; lastKnownFileType = sourcecode.swift; path = ContentView.swift; sourceTree = "<group>"; };
		BD2DD4582C77ADA600C1AF55 /* Assets.xcassets */ = {isa = PBXFileReference; lastKnownFileType = folder.assetcatalog; path = Assets.xcassets; sourceTree = "<group>"; };
		BD2DD45B2C77ADA600C1AF55 /* Preview Assets.xcassets */ = {isa = PBXFileReference; lastKnownFileType = folder.assetcatalog; path = "Preview Assets.xcassets"; sourceTree = "<group>"; };
		BD2DD4672C77E14F00C1AF55 /* MainTabBarView.swift */ = {isa = PBXFileReference; lastKnownFileType = sourcecode.swift; path = MainTabBarView.swift; sourceTree = "<group>"; };
		BD2DD46B2C77E98500C1AF55 /* ExploreView.swift */ = {isa = PBXFileReference; lastKnownFileType = sourcecode.swift; path = ExploreView.swift; sourceTree = "<group>"; };
		BDF46E122C7CBDB400446458 /* Info.plist */ = {isa = PBXFileReference; lastKnownFileType = text.plist; path = Info.plist; sourceTree = "<group>"; };
		BDF46E132C7CC64C00446458 /* CustomSearchBar.swift */ = {isa = PBXFileReference; lastKnownFileType = sourcecode.swift; path = CustomSearchBar.swift; sourceTree = "<group>"; };
		BDF46E182C7CE7CD00446458 /* NavigationStackModifier.swift */ = {isa = PBXFileReference; lastKnownFileType = sourcecode.swift; path = NavigationStackModifier.swift; sourceTree = "<group>"; };
		BDF5D8F02C7CFCF0006FE1AD /* Brand.swift */ = {isa = PBXFileReference; lastKnownFileType = sourcecode.swift; path = Brand.swift; sourceTree = "<group>"; };
		BDF5D8F32C7CFDAA006FE1AD /* ExploreViewModel.swift */ = {isa = PBXFileReference; lastKnownFileType = sourcecode.swift; path = ExploreViewModel.swift; sourceTree = "<group>"; };
		BDF5D8F52C7D0E5A006FE1AD /* PopularBrandsView.swift */ = {isa = PBXFileReference; lastKnownFileType = sourcecode.swift; path = PopularBrandsView.swift; sourceTree = "<group>"; };
		BDF5D8F72C7D3052006FE1AD /* Car.swift */ = {isa = PBXFileReference; lastKnownFileType = sourcecode.swift; path = Car.swift; sourceTree = "<group>"; };
		BDF5D8FB2C7E5F4C006FE1AD /* CustomCarView.swift */ = {isa = PBXFileReference; lastKnownFileType = sourcecode.swift; path = CustomCarView.swift; sourceTree = "<group>"; };
		BDF5D8FD2C7EB674006FE1AD /* TopCarView.swift */ = {isa = PBXFileReference; lastKnownFileType = sourcecode.swift; path = TopCarView.swift; sourceTree = "<group>"; };
		BDF5D9002C7EC665006FE1AD /* FavoriteView.swift */ = {isa = PBXFileReference; lastKnownFileType = sourcecode.swift; path = FavoriteView.swift; sourceTree = "<group>"; };
		BDF5D9022C7F67F3006FE1AD /* DetailView.swift */ = {isa = PBXFileReference; lastKnownFileType = sourcecode.swift; path = DetailView.swift; sourceTree = "<group>"; };
		BDF5D9042C7FAE6F006FE1AD /* ImageViewPager.swift */ = {isa = PBXFileReference; lastKnownFileType = sourcecode.swift; path = ImageViewPager.swift; sourceTree = "<group>"; };
/* End PBXFileReference section */

/* Begin PBXFrameworksBuildPhase section */
		BD2DD44E2C77ADA300C1AF55 /* Frameworks */ = {
			isa = PBXFrameworksBuildPhase;
			buildActionMask = 2147483647;
			files = (
			);
			runOnlyForDeploymentPostprocessing = 0;
		};
/* End PBXFrameworksBuildPhase section */

/* Begin PBXGroup section */
		BD2DD4482C77ADA300C1AF55 = {
			isa = PBXGroup;
			children = (
				BD2DD4532C77ADA300C1AF55 /* CarApp */,
				BD2DD4522C77ADA300C1AF55 /* Products */,
			);
			sourceTree = "<group>";
		};
		BD2DD4522C77ADA300C1AF55 /* Products */ = {
			isa = PBXGroup;
			children = (
				BD2DD4512C77ADA300C1AF55 /* CarApp.app */,
			);
			name = Products;
			sourceTree = "<group>";
		};
		BD2DD4532C77ADA300C1AF55 /* CarApp */ = {
			isa = PBXGroup;
			children = (
				BDF46E122C7CBDB400446458 /* Info.plist */,
				BD2DD4652C77E10600C1AF55 /* App */,
				BD2DD4642C77E0FA00C1AF55 /* Core */,
				BD2DD4632C77E0F600C1AF55 /* Models */,
				BD2DD4622C77E0F400C1AF55 /* Service */,
				BD2DD4562C77ADA300C1AF55 /* ContentView.swift */,
				BD2DD4582C77ADA600C1AF55 /* Assets.xcassets */,
				BD2DD45A2C77ADA600C1AF55 /* Preview Content */,
			);
			path = CarApp;
			sourceTree = "<group>";
		};
		BD2DD45A2C77ADA600C1AF55 /* Preview Content */ = {
			isa = PBXGroup;
			children = (
				BD2DD45B2C77ADA600C1AF55 /* Preview Assets.xcassets */,
			);
			path = "Preview Content";
			sourceTree = "<group>";
		};
		BD2DD4622C77E0F400C1AF55 /* Service */ = {
			isa = PBXGroup;
			children = (
			);
			path = Service;
			sourceTree = "<group>";
		};
		BD2DD4632C77E0F600C1AF55 /* Models */ = {
			isa = PBXGroup;
			children = (
				BDF5D8F02C7CFCF0006FE1AD /* Brand.swift */,
				BDF5D8F72C7D3052006FE1AD /* Car.swift */,
			);
			path = Models;
			sourceTree = "<group>";
		};
		BD2DD4642C77E0FA00C1AF55 /* Core */ = {
			isa = PBXGroup;
			children = (
				BDF5D8FF2C7EC64B006FE1AD /* Favorite */,
				BDF46E152C7CE72700446458 /* Components */,
				BD2DD4692C77E96F00C1AF55 /* Explore */,
				BD2DD4662C77E13600C1AF55 /* TabBar */,
			);
			path = Core;
			sourceTree = "<group>";
		};
		BD2DD4652C77E10600C1AF55 /* App */ = {
			isa = PBXGroup;
			children = (
				BD2DD4542C77ADA300C1AF55 /* CarAppApp.swift */,
			);
			path = App;
			sourceTree = "<group>";
		};
		BD2DD4662C77E13600C1AF55 /* TabBar */ = {
			isa = PBXGroup;
			children = (
				BD2DD4672C77E14F00C1AF55 /* MainTabBarView.swift */,
			);
			path = TabBar;
			sourceTree = "<group>";
		};
		BD2DD4692C77E96F00C1AF55 /* Explore */ = {
			isa = PBXGroup;
			children = (
				BDF5D8F22C7CFD91006FE1AD /* ViewModels */,
				BD2DD46A2C77E97900C1AF55 /* Views */,
			);
			path = Explore;
			sourceTree = "<group>";
		};
		BD2DD46A2C77E97900C1AF55 /* Views */ = {
			isa = PBXGroup;
			children = (
				BD2DD46B2C77E98500C1AF55 /* ExploreView.swift */,
				BDF46E132C7CC64C00446458 /* CustomSearchBar.swift */,
				BDF5D8F52C7D0E5A006FE1AD /* PopularBrandsView.swift */,
				BDF5D8FD2C7EB674006FE1AD /* TopCarView.swift */,
				BDF5D9022C7F67F3006FE1AD /* DetailView.swift */,
				BDF5D9042C7FAE6F006FE1AD /* ImageViewPager.swift */,
			);
			path = Views;
			sourceTree = "<group>";
		};
		BDF46E152C7CE72700446458 /* Components */ = {
			isa = PBXGroup;
			children = (
				BDF5D8FA2C7E5F3A006FE1AD /* Views */,
				BDF46E162C7CE74900446458 /* ViewModifiers */,
			);
			path = Components;
			sourceTree = "<group>";
		};
		BDF46E162C7CE74900446458 /* ViewModifiers */ = {
			isa = PBXGroup;
			children = (
				BDF46E182C7CE7CD00446458 /* NavigationStackModifier.swift */,
			);
			path = ViewModifiers;
			sourceTree = "<group>";
		};
		BDF5D8F22C7CFD91006FE1AD /* ViewModels */ = {
			isa = PBXGroup;
			children = (
				BDF5D8F32C7CFDAA006FE1AD /* ExploreViewModel.swift */,
			);
			path = ViewModels;
			sourceTree = "<group>";
		};
		BDF5D8FA2C7E5F3A006FE1AD /* Views */ = {
			isa = PBXGroup;
			children = (
				BDF5D8FB2C7E5F4C006FE1AD /* CustomCarView.swift */,
			);
			path = Views;
			sourceTree = "<group>";
		};
		BDF5D8FF2C7EC64B006FE1AD /* Favorite */ = {
			isa = PBXGroup;
			children = (
				BDF5D9002C7EC665006FE1AD /* FavoriteView.swift */,
			);
			path = Favorite;
			sourceTree = "<group>";
		};
/* End PBXGroup section */

/* Begin PBXNativeTarget section */
		BD2DD4502C77ADA300C1AF55 /* CarApp */ = {
			isa = PBXNativeTarget;
			buildConfigurationList = BD2DD45F2C77ADA600C1AF55 /* Build configuration list for PBXNativeTarget "CarApp" */;
			buildPhases = (
				BD2DD44D2C77ADA300C1AF55 /* Sources */,
				BD2DD44E2C77ADA300C1AF55 /* Frameworks */,
				BD2DD44F2C77ADA300C1AF55 /* Resources */,
			);
			buildRules = (
			);
			dependencies = (
			);
			name = CarApp;
			productName = CarApp;
			productReference = BD2DD4512C77ADA300C1AF55 /* CarApp.app */;
			productType = "com.apple.product-type.application";
		};
/* End PBXNativeTarget section */

/* Begin PBXProject section */
		BD2DD4492C77ADA300C1AF55 /* Project object */ = {
			isa = PBXProject;
			attributes = {
				BuildIndependentTargetsInParallel = 1;
				LastSwiftUpdateCheck = 1540;
				LastUpgradeCheck = 1540;
				TargetAttributes = {
					BD2DD4502C77ADA300C1AF55 = {
						CreatedOnToolsVersion = 15.4;
					};
				};
			};
			buildConfigurationList = BD2DD44C2C77ADA300C1AF55 /* Build configuration list for PBXProject "CarApp" */;
			compatibilityVersion = "Xcode 14.0";
			developmentRegion = en;
			hasScannedForEncodings = 0;
			knownRegions = (
				en,
				Base,
			);
			mainGroup = BD2DD4482C77ADA300C1AF55;
			productRefGroup = BD2DD4522C77ADA300C1AF55 /* Products */;
			projectDirPath = "";
			projectRoot = "";
			targets = (
				BD2DD4502C77ADA300C1AF55 /* CarApp */,
			);
		};
/* End PBXProject section */

/* Begin PBXResourcesBuildPhase section */
		BD2DD44F2C77ADA300C1AF55 /* Resources */ = {
			isa = PBXResourcesBuildPhase;
			buildActionMask = 2147483647;
			files = (
				BD2DD45C2C77ADA600C1AF55 /* Preview Assets.xcassets in Resources */,
				BD2DD4592C77ADA600C1AF55 /* Assets.xcassets in Resources */,
			);
			runOnlyForDeploymentPostprocessing = 0;
		};
/* End PBXResourcesBuildPhase section */

/* Begin PBXSourcesBuildPhase section */
		BD2DD44D2C77ADA300C1AF55 /* Sources */ = {
			isa = PBXSourcesBuildPhase;
			buildActionMask = 2147483647;
			files = (
				BDF5D8F62C7D0E5A006FE1AD /* PopularBrandsView.swift in Sources */,
				BDF5D8FC2C7E5F4C006FE1AD /* CustomCarView.swift in Sources */,
				BD2DD4572C77ADA300C1AF55 /* ContentView.swift in Sources */,
				BDF5D9032C7F67F3006FE1AD /* DetailView.swift in Sources */,
				BDF5D8FE2C7EB674006FE1AD /* TopCarView.swift in Sources */,
				BDF5D8F82C7D3052006FE1AD /* Car.swift in Sources */,
				BDF46E192C7CE7CD00446458 /* NavigationStackModifier.swift in Sources */,
				BD2DD4682C77E14F00C1AF55 /* MainTabBarView.swift in Sources */,
				BDF5D9052C7FAE6F006FE1AD /* ImageViewPager.swift in Sources */,
				BD2DD46C2C77E98500C1AF55 /* ExploreView.swift in Sources */,
				BDF5D9012C7EC665006FE1AD /* FavoriteView.swift in Sources */,
				BDF5D8F42C7CFDAA006FE1AD /* ExploreViewModel.swift in Sources */,
				BDF5D8F12C7CFCF0006FE1AD /* Brand.swift in Sources */,
				BD2DD4552C77ADA300C1AF55 /* CarAppApp.swift in Sources */,
				BDF46E142C7CC64C00446458 /* CustomSearchBar.swift in Sources */,
			);
			runOnlyForDeploymentPostprocessing = 0;
		};
/* End PBXSourcesBuildPhase section */

/* Begin XCBuildConfiguration section */
		BD2DD45D2C77ADA600C1AF55 /* Debug */ = {
			isa = XCBuildConfiguration;
			buildSettings = {
				ALWAYS_SEARCH_USER_PATHS = NO;
				ASSETCATALOG_COMPILER_GENERATE_SWIFT_ASSET_SYMBOL_EXTENSIONS = YES;
				CLANG_ANALYZER_NONNULL = YES;
				CLANG_ANALYZER_NUMBER_OBJECT_CONVERSION = YES_AGGRESSIVE;
				CLANG_CXX_LANGUAGE_STANDARD = "gnu++20";
				CLANG_ENABLE_MODULES = YES;
				CLANG_ENABLE_OBJC_ARC = YES;
				CLANG_ENABLE_OBJC_WEAK = YES;
				CLANG_WARN_BLOCK_CAPTURE_AUTORELEASING = YES;
				CLANG_WARN_BOOL_CONVERSION = YES;
				CLANG_WARN_COMMA = YES;
				CLANG_WARN_CONSTANT_CONVERSION = YES;
				CLANG_WARN_DEPRECATED_OBJC_IMPLEMENTATIONS = YES;
				CLANG_WARN_DIRECT_OBJC_ISA_USAGE = YES_ERROR;
				CLANG_WARN_DOCUMENTATION_COMMENTS = YES;
				CLANG_WARN_EMPTY_BODY = YES;
				CLANG_WARN_ENUM_CONVERSION = YES;
				CLANG_WARN_INFINITE_RECURSION = YES;
				CLANG_WARN_INT_CONVERSION = YES;
				CLANG_WARN_NON_LITERAL_NULL_CONVERSION = YES;
				CLANG_WARN_OBJC_IMPLICIT_RETAIN_SELF = YES;
				CLANG_WARN_OBJC_LITERAL_CONVERSION = YES;
				CLANG_WARN_OBJC_ROOT_CLASS = YES_ERROR;
				CLANG_WARN_QUOTED_INCLUDE_IN_FRAMEWORK_HEADER = YES;
				CLANG_WARN_RANGE_LOOP_ANALYSIS = YES;
				CLANG_WARN_STRICT_PROTOTYPES = YES;
				CLANG_WARN_SUSPICIOUS_MOVE = YES;
				CLANG_WARN_UNGUARDED_AVAILABILITY = YES_AGGRESSIVE;
				CLANG_WARN_UNREACHABLE_CODE = YES;
				CLANG_WARN__DUPLICATE_METHOD_MATCH = YES;
				COPY_PHASE_STRIP = NO;
				DEBUG_INFORMATION_FORMAT = dwarf;
				ENABLE_STRICT_OBJC_MSGSEND = YES;
				ENABLE_TESTABILITY = YES;
				ENABLE_USER_SCRIPT_SANDBOXING = YES;
				GCC_C_LANGUAGE_STANDARD = gnu17;
				GCC_DYNAMIC_NO_PIC = NO;
				GCC_NO_COMMON_BLOCKS = YES;
				GCC_OPTIMIZATION_LEVEL = 0;
				GCC_PREPROCESSOR_DEFINITIONS = (
					"DEBUG=1",
					"$(inherited)",
				);
				GCC_WARN_64_TO_32_BIT_CONVERSION = YES;
				GCC_WARN_ABOUT_RETURN_TYPE = YES_ERROR;
				GCC_WARN_UNDECLARED_SELECTOR = YES;
				GCC_WARN_UNINITIALIZED_AUTOS = YES_AGGRESSIVE;
				GCC_WARN_UNUSED_FUNCTION = YES;
				GCC_WARN_UNUSED_VARIABLE = YES;
				IPHONEOS_DEPLOYMENT_TARGET = 17.5;
				LOCALIZATION_PREFERS_STRING_CATALOGS = YES;
				MTL_ENABLE_DEBUG_INFO = INCLUDE_SOURCE;
				MTL_FAST_MATH = YES;
				ONLY_ACTIVE_ARCH = YES;
				SDKROOT = iphoneos;
				SWIFT_ACTIVE_COMPILATION_CONDITIONS = "DEBUG $(inherited)";
				SWIFT_OPTIMIZATION_LEVEL = "-Onone";
			};
			name = Debug;
		};
		BD2DD45E2C77ADA600C1AF55 /* Release */ = {
			isa = XCBuildConfiguration;
			buildSettings = {
				ALWAYS_SEARCH_USER_PATHS = NO;
				ASSETCATALOG_COMPILER_GENERATE_SWIFT_ASSET_SYMBOL_EXTENSIONS = YES;
				CLANG_ANALYZER_NONNULL = YES;
				CLANG_ANALYZER_NUMBER_OBJECT_CONVERSION = YES_AGGRESSIVE;
				CLANG_CXX_LANGUAGE_STANDARD = "gnu++20";
				CLANG_ENABLE_MODULES = YES;
				CLANG_ENABLE_OBJC_ARC = YES;
				CLANG_ENABLE_OBJC_WEAK = YES;
				CLANG_WARN_BLOCK_CAPTURE_AUTORELEASING = YES;
				CLANG_WARN_BOOL_CONVERSION = YES;
				CLANG_WARN_COMMA = YES;
				CLANG_WARN_CONSTANT_CONVERSION = YES;
				CLANG_WARN_DEPRECATED_OBJC_IMPLEMENTATIONS = YES;
				CLANG_WARN_DIRECT_OBJC_ISA_USAGE = YES_ERROR;
				CLANG_WARN_DOCUMENTATION_COMMENTS = YES;
				CLANG_WARN_EMPTY_BODY = YES;
				CLANG_WARN_ENUM_CONVERSION = YES;
				CLANG_WARN_INFINITE_RECURSION = YES;
				CLANG_WARN_INT_CONVERSION = YES;
				CLANG_WARN_NON_LITERAL_NULL_CONVERSION = YES;
				CLANG_WARN_OBJC_IMPLICIT_RETAIN_SELF = YES;
				CLANG_WARN_OBJC_LITERAL_CONVERSION = YES;
				CLANG_WARN_OBJC_ROOT_CLASS = YES_ERROR;
				CLANG_WARN_QUOTED_INCLUDE_IN_FRAMEWORK_HEADER = YES;
				CLANG_WARN_RANGE_LOOP_ANALYSIS = YES;
				CLANG_WARN_STRICT_PROTOTYPES = YES;
				CLANG_WARN_SUSPICIOUS_MOVE = YES;
				CLANG_WARN_UNGUARDED_AVAILABILITY = YES_AGGRESSIVE;
				CLANG_WARN_UNREACHABLE_CODE = YES;
				CLANG_WARN__DUPLICATE_METHOD_MATCH = YES;
				COPY_PHASE_STRIP = NO;
				DEBUG_INFORMATION_FORMAT = "dwarf-with-dsym";
				ENABLE_NS_ASSERTIONS = NO;
				ENABLE_STRICT_OBJC_MSGSEND = YES;
				ENABLE_USER_SCRIPT_SANDBOXING = YES;
				GCC_C_LANGUAGE_STANDARD = gnu17;
				GCC_NO_COMMON_BLOCKS = YES;
				GCC_WARN_64_TO_32_BIT_CONVERSION = YES;
				GCC_WARN_ABOUT_RETURN_TYPE = YES_ERROR;
				GCC_WARN_UNDECLARED_SELECTOR = YES;
				GCC_WARN_UNINITIALIZED_AUTOS = YES_AGGRESSIVE;
				GCC_WARN_UNUSED_FUNCTION = YES;
				GCC_WARN_UNUSED_VARIABLE = YES;
				IPHONEOS_DEPLOYMENT_TARGET = 17.5;
				LOCALIZATION_PREFERS_STRING_CATALOGS = YES;
				MTL_ENABLE_DEBUG_INFO = NO;
				MTL_FAST_MATH = YES;
				SDKROOT = iphoneos;
				SWIFT_COMPILATION_MODE = wholemodule;
				VALIDATE_PRODUCT = YES;
			};
			name = Release;
		};
		BD2DD4602C77ADA600C1AF55 /* Debug */ = {
			isa = XCBuildConfiguration;
			buildSettings = {
				ASSETCATALOG_COMPILER_APPICON_NAME = AppIcon;
				ASSETCATALOG_COMPILER_GLOBAL_ACCENT_COLOR_NAME = AccentColor;
				CODE_SIGN_STYLE = Automatic;
				CURRENT_PROJECT_VERSION = 1;
				DEVELOPMENT_ASSET_PATHS = "\"CarApp/Preview Content\"";
				DEVELOPMENT_TEAM = VG5M592NA9;
				ENABLE_PREVIEWS = YES;
				GENERATE_INFOPLIST_FILE = YES;
				INFOPLIST_FILE = CarApp/Info.plist;
				INFOPLIST_KEY_UIApplicationSceneManifest_Generation = YES;
				INFOPLIST_KEY_UIApplicationSupportsIndirectInputEvents = YES;
				INFOPLIST_KEY_UISupportedInterfaceOrientations_iPad = "UIInterfaceOrientationPortrait UIInterfaceOrientationPortraitUpsideDown UIInterfaceOrientationLandscapeLeft UIInterfaceOrientationLandscapeRight";
				INFOPLIST_KEY_UISupportedInterfaceOrientations_iPhone = "UIInterfaceOrientationPortrait UIInterfaceOrientationLandscapeLeft UIInterfaceOrientationLandscapeRight";
				LD_RUNPATH_SEARCH_PATHS = (
					"$(inherited)",
					"@executable_path/Frameworks",
				);
				MARKETING_VERSION = 1.0;
				PRODUCT_BUNDLE_IDENTIFIER = com.pedrodelmondes.CarApp;
				PRODUCT_NAME = "$(TARGET_NAME)";
				SWIFT_EMIT_LOC_STRINGS = YES;
				SWIFT_VERSION = 5.0;
				TARGETED_DEVICE_FAMILY = "1,2";
			};
			name = Debug;
		};
		BD2DD4612C77ADA600C1AF55 /* Release */ = {
			isa = XCBuildConfiguration;
			buildSettings = {
				ASSETCATALOG_COMPILER_APPICON_NAME = AppIcon;
				ASSETCATALOG_COMPILER_GLOBAL_ACCENT_COLOR_NAME = AccentColor;
				CODE_SIGN_STYLE = Automatic;
				CURRENT_PROJECT_VERSION = 1;
				DEVELOPMENT_ASSET_PATHS = "\"CarApp/Preview Content\"";
				DEVELOPMENT_TEAM = VG5M592NA9;
				ENABLE_PREVIEWS = YES;
				GENERATE_INFOPLIST_FILE = YES;
				INFOPLIST_FILE = CarApp/Info.plist;
				INFOPLIST_KEY_UIApplicationSceneManifest_Generation = YES;
				INFOPLIST_KEY_UIApplicationSupportsIndirectInputEvents = YES;
				INFOPLIST_KEY_UISupportedInterfaceOrientations_iPad = "UIInterfaceOrientationPortrait UIInterfaceOrientationPortraitUpsideDown UIInterfaceOrientationLandscapeLeft UIInterfaceOrientationLandscapeRight";
				INFOPLIST_KEY_UISupportedInterfaceOrientations_iPhone = "UIInterfaceOrientationPortrait UIInterfaceOrientationLandscapeLeft UIInterfaceOrientationLandscapeRight";
				LD_RUNPATH_SEARCH_PATHS = (
					"$(inherited)",
					"@executable_path/Frameworks",
				);
				MARKETING_VERSION = 1.0;
				PRODUCT_BUNDLE_IDENTIFIER = com.pedrodelmondes.CarApp;
				PRODUCT_NAME = "$(TARGET_NAME)";
				SWIFT_EMIT_LOC_STRINGS = YES;
				SWIFT_VERSION = 5.0;
				TARGETED_DEVICE_FAMILY = "1,2";
			};
			name = Release;
		};
/* End XCBuildConfiguration section */

/* Begin XCConfigurationList section */
		BD2DD44C2C77ADA300C1AF55 /* Build configuration list for PBXProject "CarApp" */ = {
			isa = XCConfigurationList;
			buildConfigurations = (
				BD2DD45D2C77ADA600C1AF55 /* Debug */,
				BD2DD45E2C77ADA600C1AF55 /* Release */,
			);
			defaultConfigurationIsVisible = 0;
			defaultConfigurationName = Release;
		};
		BD2DD45F2C77ADA600C1AF55 /* Build configuration list for PBXNativeTarget "CarApp" */ = {
			isa = XCConfigurationList;
			buildConfigurations = (
				BD2DD4602C77ADA600C1AF55 /* Debug */,
				BD2DD4612C77ADA600C1AF55 /* Release */,
			);
			defaultConfigurationIsVisible = 0;
			defaultConfigurationName = Release;
		};
/* End XCConfigurationList section */
	};
	rootObject = BD2DD4492C77ADA300C1AF55 /* Project object */;
}
